
Microsoft Visual Studio Solution File, Format Version 12.00
# Visual Studio Version 16
VisualStudioVersion = 16.0.33529.622
MinimumVisualStudioVersion = 10.0.40219.1
Project("{FAE04EC0-301F-11D3-BF4B-00C04F79EFBC}") = "SalesWebMvc", "SalesWebMvc\SalesWebMvc.csproj", "{99D74568-888C-4685-ADC0-F96410EBBD34}"
EndProject
Global
	GlobalSection(SolutionConfigurationPlatforms) = preSolution
		Debug|Any CPU = Debug|Any CPU
		Release|Any CPU = Release|Any CPU
	EndGlobalSection
	GlobalSection(ProjectConfigurationPlatforms) = postSolution
		{99D74568-888C-4685-ADC0-F96410EBBD34}.Debug|Any CPU.ActiveCfg = Debug|Any CPU
		{99D74568-888C-4685-ADC0-F96410EBBD34}.Debug|Any CPU.Build.0 = Debug|Any CPU
		{99D74568-888C-4685-ADC0-F96410EBBD34}.Release|Any CPU.ActiveCfg = Release|Any CPU
		{99D74568-888C-4685-ADC0-F96410EBBD34}.Release|Any CPU.Build.0 = Release|Any CPU
	EndGlobalSection
	GlobalSection(SolutionProperties) = preSolution
		HideSolutionNode = FALSE
	EndGlobalSection
	GlobalSection(ExtensibilityGlobals) = postSolution
		SolutionGuid = {5D539667-FD98-438B-9429-3234AE8927AD}
	EndGlobalSection
EndGlobal
